
Microsoft Visual Studio Solution File, Format Version 12.00
# Visual Studio Version 17
VisualStudioVersion = 17.8.34511.84
MinimumVisualStudioVersion = 10.0.40219.1
Project("{FAE04EC0-301F-11D3-BF4B-00C04F79EFBC}") = "Övning_Generics_Låda", "Övning_Generics_Låda\Övning_Generics_Låda.csproj", "{4F806731-F47A-46F4-83A9-954AD4B45ACE}"
EndProject
Global
	GlobalSection(SolutionConfigurationPlatforms) = preSolution
		Debug|Any CPU = Debug|Any CPU
		Release|Any CPU = Release|Any CPU
	EndGlobalSection
	GlobalSection(ProjectConfigurationPlatforms) = postSolution
		{4F806731-F47A-46F4-83A9-954AD4B45ACE}.Debug|Any CPU.ActiveCfg = Debug|Any CPU
		{4F806731-F47A-46F4-83A9-954AD4B45ACE}.Debug|Any CPU.Build.0 = Debug|Any CPU
		{4F806731-F47A-46F4-83A9-954AD4B45ACE}.Release|Any CPU.ActiveCfg = Release|Any CPU
		{4F806731-F47A-46F4-83A9-954AD4B45ACE}.Release|Any CPU.Build.0 = Release|Any CPU
	EndGlobalSection
	GlobalSection(SolutionProperties) = preSolution
		HideSolutionNode = FALSE
	EndGlobalSection
	GlobalSection(ExtensibilityGlobals) = postSolution
		SolutionGuid = {3E4DB2D4-BC51-4668-8207-2A16B459F553}
	EndGlobalSection
EndGlobal
